
Microsoft Visual Studio Solution File, Format Version 12.00
# Visual Studio Version 16
VisualStudioVersion = 16.0.30611.23
MinimumVisualStudioVersion = 15.0.26124.0
Project("{FAE04EC0-301F-11D3-BF4B-00C04F79EFBC}") = "Prilozhenie_4.Objects", "Objects/Prilozhenie_4.Objects.csproj", "998f18ad-24a2-401a-ae96-e58902349177"
EndProject
Project("{FAE04EC0-301F-11D3-BF4B-00C04F79EFBC}") = "Prilozhenie_4.Tests", "Tests/Prilozhenie_4.Tests.csproj", "f01d4d26-fff2-4a10-ab8a-b1c1afef1caf"
EndProject
Project("{FAE04EC0-301F-11D3-BF4B-00C04F79EFBC}") = "Prilozhenie_4.ODataBackend", "ODataBackend/Prilozhenie_4.ODataBackend.csproj", "840815bb-992a-4792-98e3-2c91de3673a5"
EndProject
Project("{FAE04EC0-301F-11D3-BF4B-00C04F79EFBC}") = "Prilozhenie_4.IntegrationTests", "IntegrationTests/Prilozhenie_4.IntegrationTests.csproj", "5c20d51b-f400-4acf-8a83-86f07432fe44"
EndProject
Global
	GlobalSection(SolutionConfigurationPlatforms) = preSolution
Debug|Any CPU = Debug|Any CPU
Release|Any CPU = Release|Any CPU
	EndGlobalSection
	GlobalSection(ProjectConfigurationPlatforms) = postSolution
		998f18ad-24a2-401a-ae96-e58902349177.Debug|Any CPU.ActiveCfg = Debug|Any CPU
		998f18ad-24a2-401a-ae96-e58902349177.Debug|Any CPU.Build.0 = Debug|Any CPU
		998f18ad-24a2-401a-ae96-e58902349177.Release|Any CPU.ActiveCfg = Release|Any CPU
		998f18ad-24a2-401a-ae96-e58902349177.Release|Any CPU.Build.0 = Release|Any CPU
		f01d4d26-fff2-4a10-ab8a-b1c1afef1caf.Debug|Any CPU.ActiveCfg = Debug|Any CPU
		f01d4d26-fff2-4a10-ab8a-b1c1afef1caf.Debug|Any CPU.Build.0 = Debug|Any CPU
		f01d4d26-fff2-4a10-ab8a-b1c1afef1caf.Release|Any CPU.ActiveCfg = Release|Any CPU
		f01d4d26-fff2-4a10-ab8a-b1c1afef1caf.Release|Any CPU.Build.0 = Release|Any CPU
		840815bb-992a-4792-98e3-2c91de3673a5.Debug|Any CPU.ActiveCfg = Debug|Any CPU
		840815bb-992a-4792-98e3-2c91de3673a5.Debug|Any CPU.Build.0 = Debug|Any CPU
		840815bb-992a-4792-98e3-2c91de3673a5.Release|Any CPU.ActiveCfg = Release|Any CPU
		840815bb-992a-4792-98e3-2c91de3673a5.Release|Any CPU.Build.0 = Release|Any CPU
		5c20d51b-f400-4acf-8a83-86f07432fe44.Debug|Any CPU.ActiveCfg = Debug|Any CPU
		5c20d51b-f400-4acf-8a83-86f07432fe44.Debug|Any CPU.Build.0 = Debug|Any CPU
		5c20d51b-f400-4acf-8a83-86f07432fe44.Release|Any CPU.ActiveCfg = Release|Any CPU
		5c20d51b-f400-4acf-8a83-86f07432fe44.Release|Any CPU.Build.0 = Release|Any CPU
	EndGlobalSection
	GlobalSection(SolutionProperties) = preSolution
		HideSolutionNode = FALSE
	EndGlobalSection
EndGlobal
